// !$*UTF8*$!
{
	archiveVersion = 1;
	classes = {
	};
	objectVersion = 46;
	objects = {

/* Begin PBXBuildFile section */
		112DD29A1CB4071800A8644D /* WeekCell.swift in Sources */ = {isa = PBXBuildFile; fileRef = 112DD2991CB4071800A8644D /* WeekCell.swift */; };
		112DD29C1CB4072F00A8644D /* ADDateFunctions.swift in Sources */ = {isa = PBXBuildFile; fileRef = 112DD29B1CB4072F00A8644D /* ADDateFunctions.swift */; };
		112DD29E1CB55A9500A8644D /* HourLine.swift in Sources */ = {isa = PBXBuildFile; fileRef = 112DD29D1CB55A9500A8644D /* HourLine.swift */; };
		112DD2A01CB5603000A8644D /* WeekScrollView.swift in Sources */ = {isa = PBXBuildFile; fileRef = 112DD29F1CB5603000A8644D /* WeekScrollView.swift */; };
		112DD2A21CB561D800A8644D /* Constant.swift in Sources */ = {isa = PBXBuildFile; fileRef = 112DD2A11CB561D800A8644D /* Constant.swift */; };
		112FD3391CB56F5800311C3F /* ViewController.swift in Sources */ = {isa = PBXBuildFile; fileRef = 112FD3381CB56F5800311C3F /* ViewController.swift */; };
		6302CD321CA2429F009D0D3C /* AppDelegate.swift in Sources */ = {isa = PBXBuildFile; fileRef = 6302CD311CA2429F009D0D3C /* AppDelegate.swift */; };
		6302CD371CA2429F009D0D3C /* Main.storyboard in Resources */ = {isa = PBXBuildFile; fileRef = 6302CD351CA2429F009D0D3C /* Main.storyboard */; };
		6302CD391CA2429F009D0D3C /* Assets.xcassets in Resources */ = {isa = PBXBuildFile; fileRef = 6302CD381CA2429F009D0D3C /* Assets.xcassets */; };
		6302CD3C1CA2429F009D0D3C /* LaunchScreen.storyboard in Resources */ = {isa = PBXBuildFile; fileRef = 6302CD3A1CA2429F009D0D3C /* LaunchScreen.storyboard */; };
		6302CD481CA2466D009D0D3C /* CalendarView.swift in Sources */ = {isa = PBXBuildFile; fileRef = 6302CD471CA2466D009D0D3C /* CalendarView.swift */; };
		6302CD4A1CA25CE1009D0D3C /* CalendarViewFlowLayout.swift in Sources */ = {isa = PBXBuildFile; fileRef = 6302CD491CA25CE1009D0D3C /* CalendarViewFlowLayout.swift */; };
		6302CD4E1CA26BF1009D0D3C /* WeekHeaderCell.swift in Sources */ = {isa = PBXBuildFile; fileRef = 6302CD4D1CA26BF1009D0D3C /* WeekHeaderCell.swift */; };
		6302CD501CA2894B009D0D3C /* WeekViewEvent.swift in Sources */ = {isa = PBXBuildFile; fileRef = 6302CD4F1CA2894B009D0D3C /* WeekViewEvent.swift */; };
		63605DEE1CD753EC00729EF0 /* UIColorExtension.swift in Sources */ = {isa = PBXBuildFile; fileRef = 63605DED1CD753EC00729EF0 /* UIColorExtension.swift */; };
		63605DF01CD855FC00729EF0 /* CalendarFunctions.swift in Sources */ = {isa = PBXBuildFile; fileRef = 63605DEF1CD855FC00729EF0 /* CalendarFunctions.swift */; };
		63605DF21CD9924900729EF0 /* WeekCalendarFunction.swift in Sources */ = {isa = PBXBuildFile; fileRef = 63605DF11CD9924900729EF0 /* WeekCalendarFunction.swift */; };
/* End PBXBuildFile section */

/* Begin PBXFileReference section */
		112DD2991CB4071800A8644D /* WeekCell.swift */ = {isa = PBXFileReference; fileEncoding = 4; lastKnownFileType = sourcecode.swift; path = WeekCell.swift; sourceTree = "<group>"; };
		112DD29B1CB4072F00A8644D /* ADDateFunctions.swift */ = {isa = PBXFileReference; fileEncoding = 4; lastKnownFileType = sourcecode.swift; path = ADDateFunctions.swift; sourceTree = "<group>"; };
		112DD29D1CB55A9500A8644D /* HourLine.swift */ = {isa = PBXFileReference; fileEncoding = 4; lastKnownFileType = sourcecode.swift; path = HourLine.swift; sourceTree = "<group>"; };
		112DD29F1CB5603000A8644D /* WeekScrollView.swift */ = {isa = PBXFileReference; fileEncoding = 4; lastKnownFileType = sourcecode.swift; path = WeekScrollView.swift; sourceTree = "<group>"; };
		112DD2A11CB561D800A8644D /* Constant.swift */ = {isa = PBXFileReference; fileEncoding = 4; lastKnownFileType = sourcecode.swift; path = Constant.swift; sourceTree = "<group>"; };
		112FD3381CB56F5800311C3F /* ViewController.swift */ = {isa = PBXFileReference; fileEncoding = 4; lastKnownFileType = sourcecode.swift; path = ViewController.swift; sourceTree = "<group>"; };
		6302CD2E1CA2429F009D0D3C /* CalendarScheduler.app */ = {isa = PBXFileReference; explicitFileType = wrapper.application; includeInIndex = 0; path = CalendarScheduler.app; sourceTree = BUILT_PRODUCTS_DIR; };
		6302CD311CA2429F009D0D3C /* AppDelegate.swift */ = {isa = PBXFileReference; lastKnownFileType = sourcecode.swift; path = AppDelegate.swift; sourceTree = "<group>"; };
		6302CD361CA2429F009D0D3C /* Base */ = {isa = PBXFileReference; lastKnownFileType = file.storyboard; name = Base; path = Base.lproj/Main.storyboard; sourceTree = "<group>"; };
		6302CD381CA2429F009D0D3C /* Assets.xcassets */ = {isa = PBXFileReference; lastKnownFileType = folder.assetcatalog; path = Assets.xcassets; sourceTree = "<group>"; };
		6302CD3B1CA2429F009D0D3C /* Base */ = {isa = PBXFileReference; lastKnownFileType = file.storyboard; name = Base; path = Base.lproj/LaunchScreen.storyboard; sourceTree = "<group>"; };
		6302CD3D1CA2429F009D0D3C /* Info.plist */ = {isa = PBXFileReference; lastKnownFileType = text.plist.xml; path = Info.plist; sourceTree = "<group>"; };
		6302CD471CA2466D009D0D3C /* CalendarView.swift */ = {isa = PBXFileReference; fileEncoding = 4; lastKnownFileType = sourcecode.swift; path = CalendarView.swift; sourceTree = "<group>"; };
		6302CD491CA25CE1009D0D3C /* CalendarViewFlowLayout.swift */ = {isa = PBXFileReference; fileEncoding = 4; lastKnownFileType = sourcecode.swift; path = CalendarViewFlowLayout.swift; sourceTree = "<group>"; };
		6302CD4D1CA26BF1009D0D3C /* WeekHeaderCell.swift */ = {isa = PBXFileReference; fileEncoding = 4; lastKnownFileType = sourcecode.swift; path = WeekHeaderCell.swift; sourceTree = "<group>"; };
		6302CD4F1CA2894B009D0D3C /* WeekViewEvent.swift */ = {isa = PBXFileReference; fileEncoding = 4; lastKnownFileType = sourcecode.swift; path = WeekViewEvent.swift; sourceTree = "<group>"; };
		63605DED1CD753EC00729EF0 /* UIColorExtension.swift */ = {isa = PBXFileReference; fileEncoding = 4; lastKnownFileType = sourcecode.swift; path = UIColorExtension.swift; sourceTree = "<group>"; };
		63605DEF1CD855FC00729EF0 /* CalendarFunctions.swift */ = {isa = PBXFileReference; fileEncoding = 4; lastKnownFileType = sourcecode.swift; path = CalendarFunctions.swift; sourceTree = "<group>"; };
		63605DF11CD9924900729EF0 /* WeekCalendarFunction.swift */ = {isa = PBXFileReference; fileEncoding = 4; lastKnownFileType = sourcecode.swift; path = WeekCalendarFunction.swift; sourceTree = "<group>"; };
/* End PBXFileReference section */

/* Begin PBXFrameworksBuildPhase section */
		6302CD2B1CA2429F009D0D3C /* Frameworks */ = {
			isa = PBXFrameworksBuildPhase;
			buildActionMask = 2147483647;
			files = (
			);
			runOnlyForDeploymentPostprocessing = 0;
		};
/* End PBXFrameworksBuildPhase section */

/* Begin PBXGroup section */
		6302CD251CA2429F009D0D3C = {
			isa = PBXGroup;
			children = (
				6302CD301CA2429F009D0D3C /* CalendarScheduler */,
				6302CD2F1CA2429F009D0D3C /* Products */,
			);
			sourceTree = "<group>";
		};
		6302CD2F1CA2429F009D0D3C /* Products */ = {
			isa = PBXGroup;
			children = (
				6302CD2E1CA2429F009D0D3C /* CalendarScheduler.app */,
			);
			name = Products;
			sourceTree = "<group>";
		};
		6302CD301CA2429F009D0D3C /* CalendarScheduler */ = {
			isa = PBXGroup;
			children = (
				6302CD311CA2429F009D0D3C /* AppDelegate.swift */,
				6302CD351CA2429F009D0D3C /* Main.storyboard */,
				6302CD381CA2429F009D0D3C /* Assets.xcassets */,
				6302CD3A1CA2429F009D0D3C /* LaunchScreen.storyboard */,
				6302CD3D1CA2429F009D0D3C /* Info.plist */,
				112DD2991CB4071800A8644D /* WeekCell.swift */,
				6302CD4D1CA26BF1009D0D3C /* WeekHeaderCell.swift */,
				6302CD4F1CA2894B009D0D3C /* WeekViewEvent.swift */,
				6302CD471CA2466D009D0D3C /* CalendarView.swift */,
				6302CD491CA25CE1009D0D3C /* CalendarViewFlowLayout.swift */,
				112DD29D1CB55A9500A8644D /* HourLine.swift */,
				112DD29F1CB5603000A8644D /* WeekScrollView.swift */,
				63605DED1CD753EC00729EF0 /* UIColorExtension.swift */,
				112DD2A11CB561D800A8644D /* Constant.swift */,
				63605DEF1CD855FC00729EF0 /* CalendarFunctions.swift */,
				112DD29B1CB4072F00A8644D /* ADDateFunctions.swift */,
				112FD3381CB56F5800311C3F /* ViewController.swift */,
				63605DF11CD9924900729EF0 /* WeekCalendarFunction.swift */,
			);
			path = CalendarScheduler;
			sourceTree = "<group>";
		};
/* End PBXGroup section */

/* Begin PBXNativeTarget section */
		6302CD2D1CA2429F009D0D3C /* CalendarScheduler */ = {
			isa = PBXNativeTarget;
			buildConfigurationList = 6302CD401CA2429F009D0D3C /* Build configuration list for PBXNativeTarget "CalendarScheduler" */;
			buildPhases = (
				6302CD2A1CA2429F009D0D3C /* Sources */,
				6302CD2B1CA2429F009D0D3C /* Frameworks */,
				6302CD2C1CA2429F009D0D3C /* Resources */,
			);
			buildRules = (
			);
			dependencies = (
			);
			name = CalendarScheduler;
			productName = CalendarScheduler;
			productReference = 6302CD2E1CA2429F009D0D3C /* CalendarScheduler.app */;
			productType = "com.apple.product-type.application";
		};
/* End PBXNativeTarget section */

/* Begin PBXProject section */
		6302CD261CA2429F009D0D3C /* Project object */ = {
			isa = PBXProject;
			attributes = {
				LastSwiftUpdateCheck = 0720;
				LastUpgradeCheck = 0720;
				ORGANIZATIONNAME = "ASC Software";
				TargetAttributes = {
					6302CD2D1CA2429F009D0D3C = {
						CreatedOnToolsVersion = 7.2.1;
					};
				};
			};
			buildConfigurationList = 6302CD291CA2429F009D0D3C /* Build configuration list for PBXProject "CalendarScheduler" */;
			compatibilityVersion = "Xcode 3.2";
			developmentRegion = English;
			hasScannedForEncodings = 0;
			knownRegions = (
				en,
				Base,
			);
			mainGroup = 6302CD251CA2429F009D0D3C;
			productRefGroup = 6302CD2F1CA2429F009D0D3C /* Products */;
			projectDirPath = "";
			projectRoot = "";
			targets = (
				6302CD2D1CA2429F009D0D3C /* CalendarScheduler */,
			);
		};
/* End PBXProject section */

/* Begin PBXResourcesBuildPhase section */
		6302CD2C1CA2429F009D0D3C /* Resources */ = {
			isa = PBXResourcesBuildPhase;
			buildActionMask = 2147483647;
			files = (
				6302CD3C1CA2429F009D0D3C /* LaunchScreen.storyboard in Resources */,
				6302CD391CA2429F009D0D3C /* Assets.xcassets in Resources */,
				6302CD371CA2429F009D0D3C /* Main.storyboard in Resources */,
			);
			runOnlyForDeploymentPostprocessing = 0;
		};
/* End PBXResourcesBuildPhase section */

/* Begin PBXSourcesBuildPhase section */
		6302CD2A1CA2429F009D0D3C /* Sources */ = {
			isa = PBXSourcesBuildPhase;
			buildActionMask = 2147483647;
			files = (
				112DD29C1CB4072F00A8644D /* ADDateFunctions.swift in Sources */,
				112DD2A01CB5603000A8644D /* WeekScrollView.swift in Sources */,
				6302CD481CA2466D009D0D3C /* CalendarView.swift in Sources */,
				112DD29A1CB4071800A8644D /* WeekCell.swift in Sources */,
				112FD3391CB56F5800311C3F /* ViewController.swift in Sources */,
				63605DF01CD855FC00729EF0 /* CalendarFunctions.swift in Sources */,
				6302CD4A1CA25CE1009D0D3C /* CalendarViewFlowLayout.swift in Sources */,
				63605DF21CD9924900729EF0 /* WeekCalendarFunction.swift in Sources */,
				6302CD321CA2429F009D0D3C /* AppDelegate.swift in Sources */,
				6302CD4E1CA26BF1009D0D3C /* WeekHeaderCell.swift in Sources */,
				112DD2A21CB561D800A8644D /* Constant.swift in Sources */,
				6302CD501CA2894B009D0D3C /* WeekViewEvent.swift in Sources */,
				112DD29E1CB55A9500A8644D /* HourLine.swift in Sources */,
				63605DEE1CD753EC00729EF0 /* UIColorExtension.swift in Sources */,
			);
			runOnlyForDeploymentPostprocessing = 0;
		};
/* End PBXSourcesBuildPhase section */

/* Begin PBXVariantGroup section */
		6302CD351CA2429F009D0D3C /* Main.storyboard */ = {
			isa = PBXVariantGroup;
			children = (
				6302CD361CA2429F009D0D3C /* Base */,
			);
			name = Main.storyboard;
			sourceTree = "<group>";
		};
		6302CD3A1CA2429F009D0D3C /* LaunchScreen.storyboard */ = {
			isa = PBXVariantGroup;
			children = (
				6302CD3B1CA2429F009D0D3C /* Base */,
			);
			name = LaunchScreen.storyboard;
			sourceTree = "<group>";
		};
/* End PBXVariantGroup section */

/* Begin XCBuildConfiguration section */
		6302CD3E1CA2429F009D0D3C /* Debug */ = {
			isa = XCBuildConfiguration;
			buildSettings = {
				ALWAYS_SEARCH_USER_PATHS = NO;
				CLANG_CXX_LANGUAGE_STANDARD = "gnu++0x";
				CLANG_CXX_LIBRARY = "libc++";
				CLANG_ENABLE_MODULES = YES;
				CLANG_ENABLE_OBJC_ARC = YES;
				CLANG_WARN_BOOL_CONVERSION = YES;
				CLANG_WARN_CONSTANT_CONVERSION = YES;
				CLANG_WARN_DIRECT_OBJC_ISA_USAGE = YES_ERROR;
				CLANG_WARN_EMPTY_BODY = YES;
				CLANG_WARN_ENUM_CONVERSION = YES;
				CLANG_WARN_INT_CONVERSION = YES;
				CLANG_WARN_OBJC_ROOT_CLASS = YES_ERROR;
				CLANG_WARN_UNREACHABLE_CODE = YES;
				CLANG_WARN__DUPLICATE_METHOD_MATCH = YES;
				"CODE_SIGN_IDENTITY[sdk=iphoneos*]" = "iPhone Developer";
				COPY_PHASE_STRIP = NO;
				DEBUG_INFORMATION_FORMAT = dwarf;
				ENABLE_STRICT_OBJC_MSGSEND = YES;
				ENABLE_TESTABILITY = YES;
				GCC_C_LANGUAGE_STANDARD = gnu99;
				GCC_DYNAMIC_NO_PIC = NO;
				GCC_NO_COMMON_BLOCKS = YES;
				GCC_OPTIMIZATION_LEVEL = 0;
				GCC_PREPROCESSOR_DEFINITIONS = (
					"DEBUG=1",
					"$(inherited)",
				);
				GCC_WARN_64_TO_32_BIT_CONVERSION = YES;
				GCC_WARN_ABOUT_RETURN_TYPE = YES_ERROR;
				GCC_WARN_UNDECLARED_SELECTOR = YES;
				GCC_WARN_UNINITIALIZED_AUTOS = YES_AGGRESSIVE;
				GCC_WARN_UNUSED_FUNCTION = YES;
				GCC_WARN_UNUSED_VARIABLE = YES;
				IPHONEOS_DEPLOYMENT_TARGET = 9.2;
				MTL_ENABLE_DEBUG_INFO = YES;
				ONLY_ACTIVE_ARCH = YES;
				SDKROOT = iphoneos;
				SWIFT_OPTIMIZATION_LEVEL = "-Onone";
				TARGETED_DEVICE_FAMILY = "1,2";
			};
			name = Debug;
		};
		6302CD3F1CA2429F009D0D3C /* Release */ = {
			isa = XCBuildConfiguration;
			buildSettings = {
				ALWAYS_SEARCH_USER_PATHS = NO;
				CLANG_CXX_LANGUAGE_STANDARD = "gnu++0x";
				CLANG_CXX_LIBRARY = "libc++";
				CLANG_ENABLE_MODULES = YES;
				CLANG_ENABLE_OBJC_ARC = YES;
				CLANG_WARN_BOOL_CONVERSION = YES;
				CLANG_WARN_CONSTANT_CONVERSION = YES;
				CLANG_WARN_DIRECT_OBJC_ISA_USAGE = YES_ERROR;
				CLANG_WARN_EMPTY_BODY = YES;
				CLANG_WARN_ENUM_CONVERSION = YES;
				CLANG_WARN_INT_CONVERSION = YES;
				CLANG_WARN_OBJC_ROOT_CLASS = YES_ERROR;
				CLANG_WARN_UNREACHABLE_CODE = YES;
				CLANG_WARN__DUPLICATE_METHOD_MATCH = YES;
				"CODE_SIGN_IDENTITY[sdk=iphoneos*]" = "iPhone Developer";
				COPY_PHASE_STRIP = NO;
				DEBUG_INFORMATION_FORMAT = "dwarf-with-dsym";
				ENABLE_NS_ASSERTIONS = NO;
				ENABLE_STRICT_OBJC_MSGSEND = YES;
				GCC_C_LANGUAGE_STANDARD = gnu99;
				GCC_NO_COMMON_BLOCKS = YES;
				GCC_WARN_64_TO_32_BIT_CONVERSION = YES;
				GCC_WARN_ABOUT_RETURN_TYPE = YES_ERROR;
				GCC_WARN_UNDECLARED_SELECTOR = YES;
				GCC_WARN_UNINITIALIZED_AUTOS = YES_AGGRESSIVE;
				GCC_WARN_UNUSED_FUNCTION = YES;
				GCC_WARN_UNUSED_VARIABLE = YES;
				IPHONEOS_DEPLOYMENT_TARGET = 9.2;
				MTL_ENABLE_DEBUG_INFO = NO;
				SDKROOT = iphoneos;
				TARGETED_DEVICE_FAMILY = "1,2";
				VALIDATE_PRODUCT = YES;
			};
			name = Release;
		};
		6302CD411CA2429F009D0D3C /* Debug */ = {
			isa = XCBuildConfiguration;
			buildSettings = {
				ASSETCATALOG_COMPILER_APPICON_NAME = AppIcon;
				INFOPLIST_FILE = CalendarScheduler/Info.plist;
				IPHONEOS_DEPLOYMENT_TARGET = 8.4;
				LD_RUNPATH_SEARCH_PATHS = "$(inherited) @executable_path/Frameworks";
				PRODUCT_BUNDLE_IDENTIFIER = au.com.AscSoftware.Ascora.CalendarScheduler;
				PRODUCT_NAME = "$(TARGET_NAME)";
				TARGETED_DEVICE_FAMILY = 2;
			};
			name = Debug;
		};
		6302CD421CA2429F009D0D3C /* Release */ = {
			isa = XCBuildConfiguration;
			buildSettings = {
				ASSETCATALOG_COMPILER_APPICON_NAME = AppIcon;
				INFOPLIST_FILE = CalendarScheduler/Info.plist;
				IPHONEOS_DEPLOYMENT_TARGET = 8.4;
				LD_RUNPATH_SEARCH_PATHS = "$(inherited) @executable_path/Frameworks";
				PRODUCT_BUNDLE_IDENTIFIER = au.com.AscSoftware.Ascora.CalendarScheduler;
				PRODUCT_NAME = "$(TARGET_NAME)";
				TARGETED_DEVICE_FAMILY = 2;
			};
			name = Release;
		};
/* End XCBuildConfiguration section */

/* Begin XCConfigurationList section */
		6302CD291CA2429F009D0D3C /* Build configuration list for PBXProject "CalendarScheduler" */ = {
			isa = XCConfigurationList;
			buildConfigurations = (
				6302CD3E1CA2429F009D0D3C /* Debug */,
				6302CD3F1CA2429F009D0D3C /* Release */,
			);
			defaultConfigurationIsVisible = 0;
			defaultConfigurationName = Release;
		};
		6302CD401CA2429F009D0D3C /* Build configuration list for PBXNativeTarget "CalendarScheduler" */ = {
			isa = XCConfigurationList;
			buildConfigurations = (
				6302CD411CA2429F009D0D3C /* Debug */,
				6302CD421CA2429F009D0D3C /* Release */,
			);
			defaultConfigurationIsVisible = 0;
			defaultConfigurationName = Release;
		};
/* End XCConfigurationList section */
	};
	rootObject = 6302CD261CA2429F009D0D3C /* Project object */;
}
